
Microsoft Visual Studio Solution File, Format Version 12.00
# Visual Studio 2013
VisualStudioVersion = 12.0.40629.0
MinimumVisualStudioVersion = 10.0.40219.1
Project("{FAE04EC0-301F-11D3-BF4B-00C04F79EFBC}") = "AlmohamiWeb", "AlmohamiWeb\AlmohamiWeb.csproj", "{6D7E86E1-D0B6-4A99-B464-1FC0D41AD9D6}"
EndProject
Project("{FAE04EC0-301F-11D3-BF4B-00C04F79EFBC}") = "Almohami.Core", "Almohami.Core\Almohami.Core.csproj", "{204054B0-CC7F-4B31-9743-B73BFD58D105}"
EndProject
Project("{FAE04EC0-301F-11D3-BF4B-00C04F79EFBC}") = "Almohami.Data", "Almohami.Data\Almohami.Data.csproj", "{7E548F19-5367-4D4A-B726-16143CFDD060}"
EndProject
Project("{FAE04EC0-301F-11D3-BF4B-00C04F79EFBC}") = "Almohami.Services", "Almohami.Services\Almohami.Services.csproj", "{0F2C639C-2E70-456B-BD3E-D73D0F589FDF}"
EndProject
Global
	GlobalSection(SolutionConfigurationPlatforms) = preSolution
		Debug|Any CPU = Debug|Any CPU
		Release|Any CPU = Release|Any CPU
	EndGlobalSection
	GlobalSection(ProjectConfigurationPlatforms) = postSolution
		{6D7E86E1-D0B6-4A99-B464-1FC0D41AD9D6}.Debug|Any CPU.ActiveCfg = Debug|Any CPU
		{6D7E86E1-D0B6-4A99-B464-1FC0D41AD9D6}.Debug|Any CPU.Build.0 = Debug|Any CPU
		{6D7E86E1-D0B6-4A99-B464-1FC0D41AD9D6}.Release|Any CPU.ActiveCfg = Release|Any CPU
		{6D7E86E1-D0B6-4A99-B464-1FC0D41AD9D6}.Release|Any CPU.Build.0 = Release|Any CPU
		{204054B0-CC7F-4B31-9743-B73BFD58D105}.Debug|Any CPU.ActiveCfg = Debug|Any CPU
		{204054B0-CC7F-4B31-9743-B73BFD58D105}.Debug|Any CPU.Build.0 = Debug|Any CPU
		{204054B0-CC7F-4B31-9743-B73BFD58D105}.Release|Any CPU.ActiveCfg = Release|Any CPU
		{204054B0-CC7F-4B31-9743-B73BFD58D105}.Release|Any CPU.Build.0 = Release|Any CPU
		{7E548F19-5367-4D4A-B726-16143CFDD060}.Debug|Any CPU.ActiveCfg = Debug|Any CPU
		{7E548F19-5367-4D4A-B726-16143CFDD060}.Debug|Any CPU.Build.0 = Debug|Any CPU
		{7E548F19-5367-4D4A-B726-16143CFDD060}.Release|Any CPU.ActiveCfg = Release|Any CPU
		{7E548F19-5367-4D4A-B726-16143CFDD060}.Release|Any CPU.Build.0 = Release|Any CPU
		{0F2C639C-2E70-456B-BD3E-D73D0F589FDF}.Debug|Any CPU.ActiveCfg = Debug|Any CPU
		{0F2C639C-2E70-456B-BD3E-D73D0F589FDF}.Debug|Any CPU.Build.0 = Debug|Any CPU
		{0F2C639C-2E70-456B-BD3E-D73D0F589FDF}.Release|Any CPU.ActiveCfg = Release|Any CPU
		{0F2C639C-2E70-456B-BD3E-D73D0F589FDF}.Release|Any CPU.Build.0 = Release|Any CPU
	EndGlobalSection
	GlobalSection(SolutionProperties) = preSolution
		HideSolutionNode = FALSE
	EndGlobalSection
EndGlobal
